{
  "name": "indesign-typescript-types",
  "version": "0.0.1",
  "lockfileVersion": 1,
  "requires": true,
  "dependencies": {
    "@types/commander": {
      "version": "2.9.1",
      "resolved": "https://registry.npmjs.org/@types/commander/-/commander-2.9.1.tgz",
      "integrity": "sha512-P4s1aEJYjHB1pmS5th4WXQ/NEYykK1FmCFJL+NIrDCptWs2DIS/SsVjmaubvcWZ17VzlG+CwiAv52ghkfkepWA==",
      "requires": {
        "@types/node": "https://registry.npmjs.org/@types/node/-/node-8.0.22.tgz"
      }
    },
    "@types/node": {
      "version": "https://registry.npmjs.org/@types/node/-/node-8.0.22.tgz",
      "integrity": "sha1-nGv+4fRfXplS/2tIfmV+zKSMd3c="
    },
    "@types/xml2js": {
      "version": "0.4.0",
      "resolved": "https://registry.npmjs.org/@types/xml2js/-/xml2js-0.4.0.tgz",
      "integrity": "sha512-3gw0UqFMq7PsfMDwsawD0/L48soXfzOEh0NSAWVO99IZXnhx9LD3nOldHIpGYzZBsrS9NV2vaRFvEdWe+UweXQ==",
      "requires": {
        "@types/node": "https://registry.npmjs.org/@types/node/-/node-8.0.22.tgz"
      }
    },
    "commander": {
      "version": "2.11.0",
      "resolved": "https://registry.npmjs.org/commander/-/commander-2.11.0.tgz",
      "integrity": "sha512-b0553uYA5YAEGgyYIGYROzKQ7X5RAqedkfjiZxwi0kL1g3bOaBNNZfYkzt/CL0umgD5wc9Jec2FbB98CjkMRvQ=="
    },
    "sax": {
      "version": "https://registry.npmjs.org/sax/-/sax-1.2.4.tgz",
      "integrity": "sha1-KBYjTiN4vdxOU1T6tcqold9xANk="
    },
    "xml2js": {
      "version": "https://registry.npmjs.org/xml2js/-/xml2js-0.4.18.tgz",
      "integrity": "sha1-oRfsgVOu6yL5VBv76IBeNdrnuWk=",
      "requires": {
        "sax": "https://registry.npmjs.org/sax/-/sax-1.2.4.tgz",
        "xmlbuilder": "https://registry.npmjs.org/xmlbuilder/-/xmlbuilder-9.0.3.tgz"
      }
    },
    "xmlbuilder": {
      "version": "https://registry.npmjs.org/xmlbuilder/-/xmlbuilder-9.0.3.tgz",
      "integrity": "sha1-K5dd2fbHzKyEu10xbZSPcrBv+s8="
    }
  }
}
